
Microsoft Visual Studio Solution File, Format Version 12.00
# Visual Studio 2013
VisualStudioVersion = 12.0.21005.1
MinimumVisualStudioVersion = 10.0.40219.1
Project("{FAE04EC0-301F-11D3-BF4B-00C04F79EFBC}") = "Main", "Main\Main.csproj", "{2EBC8C6E-BEFE-458A-AEBE-7ECE6301FC01}"
EndProject
Project("{FAE04EC0-301F-11D3-BF4B-00C04F79EFBC}") = "BUS", "BUS\BUS.csproj", "{4D28B423-2181-419E-B8BC-CB881C7F3449}"
EndProject
Global
	GlobalSection(SolutionConfigurationPlatforms) = preSolution
		Debug|Any CPU = Debug|Any CPU
		Release|Any CPU = Release|Any CPU
	EndGlobalSection
	GlobalSection(ProjectConfigurationPlatforms) = postSolution
		{2EBC8C6E-BEFE-458A-AEBE-7ECE6301FC01}.Debug|Any CPU.ActiveCfg = Debug|Any CPU
		{2EBC8C6E-BEFE-458A-AEBE-7ECE6301FC01}.Debug|Any CPU.Build.0 = Debug|Any CPU
		{2EBC8C6E-BEFE-458A-AEBE-7ECE6301FC01}.Release|Any CPU.ActiveCfg = Release|Any CPU
		{2EBC8C6E-BEFE-458A-AEBE-7ECE6301FC01}.Release|Any CPU.Build.0 = Release|Any CPU
		{4D28B423-2181-419E-B8BC-CB881C7F3449}.Debug|Any CPU.ActiveCfg = Debug|Any CPU
		{4D28B423-2181-419E-B8BC-CB881C7F3449}.Debug|Any CPU.Build.0 = Debug|Any CPU
		{4D28B423-2181-419E-B8BC-CB881C7F3449}.Release|Any CPU.ActiveCfg = Release|Any CPU
		{4D28B423-2181-419E-B8BC-CB881C7F3449}.Release|Any CPU.Build.0 = Release|Any CPU
	EndGlobalSection
	GlobalSection(SolutionProperties) = preSolution
		HideSolutionNode = FALSE
	EndGlobalSection
EndGlobal
